
Microsoft Visual Studio Solution File, Format Version 12.00
# Visual Studio 15
VisualStudioVersion = 15.0.26124.0
MinimumVisualStudioVersion = 15.0.26124.0
Project("{9A19103F-16F7-4668-BE54-9A1E7A4F7556}") = "OpenApiServer", "src\App\OpenApiServer.csproj", "{02717FBA-72BF-4C95-8852-EC7E5DDB9F8E}"
EndProject
Project("{9A19103F-16F7-4668-BE54-9A1E7A4F7556}") = "UnitTests", "test\UnitTests\UnitTests.csproj", "{E837C431-CCFF-443F-855B-C3A7B49641BC}"
EndProject
Global
	GlobalSection(SolutionConfigurationPlatforms) = preSolution
		Debug|Any CPU = Debug|Any CPU
		Release|Any CPU = Release|Any CPU
	EndGlobalSection
	GlobalSection(ProjectConfigurationPlatforms) = postSolution
		{02717FBA-72BF-4C95-8852-EC7E5DDB9F8E}.Debug|Any CPU.ActiveCfg = Debug|Any CPU
		{02717FBA-72BF-4C95-8852-EC7E5DDB9F8E}.Debug|Any CPU.Build.0 = Debug|Any CPU
		{02717FBA-72BF-4C95-8852-EC7E5DDB9F8E}.Release|Any CPU.ActiveCfg = Release|Any CPU
		{02717FBA-72BF-4C95-8852-EC7E5DDB9F8E}.Release|Any CPU.Build.0 = Release|Any CPU
		{E837C431-CCFF-443F-855B-C3A7B49641BC}.Debug|Any CPU.ActiveCfg = Debug|Any CPU
		{E837C431-CCFF-443F-855B-C3A7B49641BC}.Debug|Any CPU.Build.0 = Debug|Any CPU
		{E837C431-CCFF-443F-855B-C3A7B49641BC}.Release|Any CPU.ActiveCfg = Release|Any CPU
		{E837C431-CCFF-443F-855B-C3A7B49641BC}.Release|Any CPU.Build.0 = Release|Any CPU
	EndGlobalSection
	GlobalSection(SolutionProperties) = preSolution
		HideSolutionNode = FALSE
	EndGlobalSection
	GlobalSection(ExtensibilityGlobals) = postSolution
		SolutionGuid = {23FB87D1-964B-4301-A5C4-C518EFED4836}
	EndGlobalSection
EndGlobal
